
Microsoft Visual Studio Solution File, Format Version 12.00
# Visual Studio Version 17
VisualStudioVersion = 17.9.34701.34
MinimumVisualStudioVersion = 10.0.40219.1
Project("{888888A0-9F3D-457C-B088-3A5042F75D52}") = "schooled_lms", "schooled_lms.pyproj", "{BDBFB434-D6D9-415A-96C0-539156D10553}"
EndProject
Global
	GlobalSection(SolutionConfigurationPlatforms) = preSolution
		Debug|Any CPU = Debug|Any CPU
		Release|Any CPU = Release|Any CPU
	EndGlobalSection
	GlobalSection(ProjectConfigurationPlatforms) = postSolution
		{BDBFB434-D6D9-415A-96C0-539156D10553}.Debug|Any CPU.ActiveCfg = Debug|Any CPU
		{BDBFB434-D6D9-415A-96C0-539156D10553}.Release|Any CPU.ActiveCfg = Release|Any CPU
	EndGlobalSection
	GlobalSection(SolutionProperties) = preSolution
		HideSolutionNode = FALSE
	EndGlobalSection
	GlobalSection(ExtensibilityGlobals) = postSolution
		SolutionGuid = {FFCD619B-D036-4A62-A0E1-5254A0CABEE3}
	EndGlobalSection
EndGlobal
